
Microsoft Visual Studio Solution File, Format Version 12.00
# Visual Studio Version 17
VisualStudioVersion = 17.8.34330.188
MinimumVisualStudioVersion = 10.0.40219.1
Project("{FAE04EC0-301F-11D3-BF4B-00C04F79EFBC}") = "KidKinder", "KidKinder\KidKinder.csproj", "{75AE67C1-8296-4D25-A13D-E1003ADB95A5}"
EndProject
Global
	GlobalSection(SolutionConfigurationPlatforms) = preSolution
		Debug|Any CPU = Debug|Any CPU
		Release|Any CPU = Release|Any CPU
	EndGlobalSection
	GlobalSection(ProjectConfigurationPlatforms) = postSolution
		{75AE67C1-8296-4D25-A13D-E1003ADB95A5}.Debug|Any CPU.ActiveCfg = Debug|Any CPU
		{75AE67C1-8296-4D25-A13D-E1003ADB95A5}.Debug|Any CPU.Build.0 = Debug|Any CPU
		{75AE67C1-8296-4D25-A13D-E1003ADB95A5}.Release|Any CPU.ActiveCfg = Release|Any CPU
		{75AE67C1-8296-4D25-A13D-E1003ADB95A5}.Release|Any CPU.Build.0 = Release|Any CPU
	EndGlobalSection
	GlobalSection(SolutionProperties) = preSolution
		HideSolutionNode = FALSE
	EndGlobalSection
	GlobalSection(ExtensibilityGlobals) = postSolution
		SolutionGuid = {C2A38AB3-9407-4E7C-8308-AEF6BE9E9E6B}
	EndGlobalSection
EndGlobal
